
Microsoft Visual Studio Solution File, Format Version 12.00
# Visual Studio Version 17
VisualStudioVersion = 17.3.32811.315
MinimumVisualStudioVersion = 10.0.40219.1
Project("{2150E333-8FDC-42A3-9474-1A3956D46DE8}") = "Solution Items", "Solution Items", "{3DA99C4E-89E3-4049-9C22-0A7EC60D83D8}"
	ProjectSection(SolutionItems) = preProject
		Directory.Packages.props = Directory.Packages.props
		.infisical.json = .infisical.json
		.gitignore = .gitignore
		compose.yaml = compose.yaml
		.dockerignore = .dockerignore
		.env = .env
	EndProjectSection
EndProject
Project("{FAE04EC0-301F-11D3-BF4B-00C04F79EFBC}") = "F358.Api", "F358.Api\F358.Api.csproj", "{8539A05D-A6A8-47BE-9FD9-B2096D3FFA9B}"
EndProject
Project("{FAE04EC0-301F-11D3-BF4B-00C04F79EFBC}") = "F358.Shared", "F358.Shared\F358.Shared.csproj", "{FD7F5038-02E2-487E-B79D-E692576C3552}"
EndProject
Project("{2150E333-8FDC-42A3-9474-1A3956D46DE8}") = "Services", "Services", "{F097EB17-8CDC-4E71-9F78-7C5A25E1580D}"
EndProject
Project("{FAE04EC0-301F-11D3-BF4B-00C04F79EFBC}") = "F358.Services.User", "F358.Services.User\F358.Services.User.csproj", "{57A0118E-55AA-4CEA-BA88-FCD3BA7FC5EB}"
EndProject
Project("{2150E333-8FDC-42A3-9474-1A3956D46DE8}") = "Utils", "Utils", "{33CDDA74-63AD-49D6-8278-59F9FDE29F37}"
EndProject
Project("{FAE04EC0-301F-11D3-BF4B-00C04F79EFBC}") = "F358.Utils.KeyGen", "F358.Utils.KeyGen\F358.Utils.KeyGen.csproj", "{A6E18868-ED74-4DE3-A50F-F69CC7E9AC0A}"
EndProject
Project("{FAE04EC0-301F-11D3-BF4B-00C04F79EFBC}") = "F358.Services.Food", "F358.Services.Food\F358.Services.Food.csproj", "{B44BB3B2-3BC7-4EC8-8377-C4702F4940BB}"
EndProject
Global
	GlobalSection(SolutionConfigurationPlatforms) = preSolution
		Debug|Any CPU = Debug|Any CPU
		Release|Any CPU = Release|Any CPU
	EndGlobalSection
	GlobalSection(ProjectConfigurationPlatforms) = postSolution
		{8539A05D-A6A8-47BE-9FD9-B2096D3FFA9B}.Debug|Any CPU.ActiveCfg = Debug|Any CPU
		{8539A05D-A6A8-47BE-9FD9-B2096D3FFA9B}.Debug|Any CPU.Build.0 = Debug|Any CPU
		{8539A05D-A6A8-47BE-9FD9-B2096D3FFA9B}.Release|Any CPU.ActiveCfg = Release|Any CPU
		{8539A05D-A6A8-47BE-9FD9-B2096D3FFA9B}.Release|Any CPU.Build.0 = Release|Any CPU
		{FD7F5038-02E2-487E-B79D-E692576C3552}.Debug|Any CPU.ActiveCfg = Debug|Any CPU
		{FD7F5038-02E2-487E-B79D-E692576C3552}.Debug|Any CPU.Build.0 = Debug|Any CPU
		{FD7F5038-02E2-487E-B79D-E692576C3552}.Release|Any CPU.ActiveCfg = Release|Any CPU
		{FD7F5038-02E2-487E-B79D-E692576C3552}.Release|Any CPU.Build.0 = Release|Any CPU
		{57A0118E-55AA-4CEA-BA88-FCD3BA7FC5EB}.Debug|Any CPU.ActiveCfg = Debug|Any CPU
		{57A0118E-55AA-4CEA-BA88-FCD3BA7FC5EB}.Debug|Any CPU.Build.0 = Debug|Any CPU
		{57A0118E-55AA-4CEA-BA88-FCD3BA7FC5EB}.Release|Any CPU.ActiveCfg = Release|Any CPU
		{57A0118E-55AA-4CEA-BA88-FCD3BA7FC5EB}.Release|Any CPU.Build.0 = Release|Any CPU
		{A6E18868-ED74-4DE3-A50F-F69CC7E9AC0A}.Debug|Any CPU.ActiveCfg = Debug|Any CPU
		{A6E18868-ED74-4DE3-A50F-F69CC7E9AC0A}.Debug|Any CPU.Build.0 = Debug|Any CPU
		{A6E18868-ED74-4DE3-A50F-F69CC7E9AC0A}.Release|Any CPU.ActiveCfg = Release|Any CPU
		{A6E18868-ED74-4DE3-A50F-F69CC7E9AC0A}.Release|Any CPU.Build.0 = Release|Any CPU
		{B44BB3B2-3BC7-4EC8-8377-C4702F4940BB}.Debug|Any CPU.ActiveCfg = Debug|Any CPU
		{B44BB3B2-3BC7-4EC8-8377-C4702F4940BB}.Debug|Any CPU.Build.0 = Debug|Any CPU
		{B44BB3B2-3BC7-4EC8-8377-C4702F4940BB}.Release|Any CPU.ActiveCfg = Release|Any CPU
		{B44BB3B2-3BC7-4EC8-8377-C4702F4940BB}.Release|Any CPU.Build.0 = Release|Any CPU
	EndGlobalSection
	GlobalSection(SolutionProperties) = preSolution
		HideSolutionNode = FALSE
	EndGlobalSection
	GlobalSection(ExtensibilityGlobals) = postSolution
		SolutionGuid = {83CB65B8-011F-4ED7-BCD3-A6CFA935EF7E}
	EndGlobalSection
	GlobalSection(NestedProjects) = preSolution
		{57A0118E-55AA-4CEA-BA88-FCD3BA7FC5EB} = {F097EB17-8CDC-4E71-9F78-7C5A25E1580D}
		{A6E18868-ED74-4DE3-A50F-F69CC7E9AC0A} = {33CDDA74-63AD-49D6-8278-59F9FDE29F37}
		{B44BB3B2-3BC7-4EC8-8377-C4702F4940BB} = {F097EB17-8CDC-4E71-9F78-7C5A25E1580D}
	EndGlobalSection
	GlobalSection(RiderSharedRunConfigurations) = postSolution
	EndGlobalSection
EndGlobal
